
Microsoft Visual Studio Solution File, Format Version 12.00
# Visual Studio Version 17
VisualStudioVersion = 17.3.32929.385
MinimumVisualStudioVersion = 10.0.40219.1
Project("{FAE04EC0-301F-11D3-BF4B-00C04F79EFBC}") = "WebApiTest", "WebApiTest\WebApiTest.csproj", "{55BFC5A1-6481-4471-9463-F099C036603D}"
EndProject
Global
	GlobalSection(SolutionConfigurationPlatforms) = preSolution
		Debug|Any CPU = Debug|Any CPU
		Release|Any CPU = Release|Any CPU
	EndGlobalSection
	GlobalSection(ProjectConfigurationPlatforms) = postSolution
		{55BFC5A1-6481-4471-9463-F099C036603D}.Debug|Any CPU.ActiveCfg = Debug|Any CPU
		{55BFC5A1-6481-4471-9463-F099C036603D}.Debug|Any CPU.Build.0 = Debug|Any CPU
		{55BFC5A1-6481-4471-9463-F099C036603D}.Release|Any CPU.ActiveCfg = Release|Any CPU
		{55BFC5A1-6481-4471-9463-F099C036603D}.Release|Any CPU.Build.0 = Release|Any CPU
	EndGlobalSection
	GlobalSection(SolutionProperties) = preSolution
		HideSolutionNode = FALSE
	EndGlobalSection
	GlobalSection(ExtensibilityGlobals) = postSolution
		SolutionGuid = {522E62A5-DF5D-4854-94AB-C68E96CAEF9D}
	EndGlobalSection
EndGlobal
